
Microsoft Visual Studio Solution File, Format Version 12.00
# Visual Studio Version 17
VisualStudioVersion = 17.0.31903.59
MinimumVisualStudioVersion = 10.0.40219.1
Project("{2150E333-8FDC-42A3-9474-1A3956D46DE8}") = "src", "src", "{99420564-E714-4A5C-9976-373B61D798E3}"
EndProject
Project("{FAE04EC0-301F-11D3-BF4B-00C04F79EFBC}") = "Server", "src\Server\Server.csproj", "{B34CCB1B-15AA-48DC-9611-84B7E34D19AA}"
EndProject
Project("{FAE04EC0-301F-11D3-BF4B-00C04F79EFBC}") = "Client", "src\Client\Client.csproj", "{A8C5CD65-210F-428B-A813-64C6CD7DAB88}"
EndProject
Global
	GlobalSection(SolutionConfigurationPlatforms) = preSolution
		Debug|Any CPU = Debug|Any CPU
		Release|Any CPU = Release|Any CPU
	EndGlobalSection
	GlobalSection(SolutionProperties) = preSolution
		HideSolutionNode = FALSE
	EndGlobalSection
	GlobalSection(ProjectConfigurationPlatforms) = postSolution
		{B34CCB1B-15AA-48DC-9611-84B7E34D19AA}.Debug|Any CPU.ActiveCfg = Debug|Any CPU
		{B34CCB1B-15AA-48DC-9611-84B7E34D19AA}.Debug|Any CPU.Build.0 = Debug|Any CPU
		{B34CCB1B-15AA-48DC-9611-84B7E34D19AA}.Release|Any CPU.ActiveCfg = Release|Any CPU
		{B34CCB1B-15AA-48DC-9611-84B7E34D19AA}.Release|Any CPU.Build.0 = Release|Any CPU
		{A8C5CD65-210F-428B-A813-64C6CD7DAB88}.Debug|Any CPU.ActiveCfg = Debug|Any CPU
		{A8C5CD65-210F-428B-A813-64C6CD7DAB88}.Debug|Any CPU.Build.0 = Debug|Any CPU
		{A8C5CD65-210F-428B-A813-64C6CD7DAB88}.Release|Any CPU.ActiveCfg = Release|Any CPU
		{A8C5CD65-210F-428B-A813-64C6CD7DAB88}.Release|Any CPU.Build.0 = Release|Any CPU
	EndGlobalSection
	GlobalSection(NestedProjects) = preSolution
		{B34CCB1B-15AA-48DC-9611-84B7E34D19AA} = {99420564-E714-4A5C-9976-373B61D798E3}
		{A8C5CD65-210F-428B-A813-64C6CD7DAB88} = {99420564-E714-4A5C-9976-373B61D798E3}
	EndGlobalSection
EndGlobal
